// !$*UTF8*$!
{
	archiveVersion = 1;
	classes = {
	};
	objectVersion = 50;
	objects = {

/* Begin PBXBuildFile section */
		120A87F7264259EF005CA867 /* ChildCoordinatorA.swift in Sources */ = {isa = PBXBuildFile; fileRef = 120A87F6264259EF005CA867 /* ChildCoordinatorA.swift */; };
		122A439C2643784E00599711 /* ChildCoordinatorB.swift in Sources */ = {isa = PBXBuildFile; fileRef = 122A439B2643784E00599711 /* ChildCoordinatorB.swift */; };
		12642742264240260037A4FF /* FirstLevelViewControllerA.swift in Sources */ = {isa = PBXBuildFile; fileRef = 12642741264240260037A4FF /* FirstLevelViewControllerA.swift */; };
		12642745264240330037A4FF /* FirstLevelViewControllerB.swift in Sources */ = {isa = PBXBuildFile; fileRef = 12642744264240330037A4FF /* FirstLevelViewControllerB.swift */; };
		12642748264240450037A4FF /* SecondLevelViewControllerA.swift in Sources */ = {isa = PBXBuildFile; fileRef = 12642747264240450037A4FF /* SecondLevelViewControllerA.swift */; };
		1264274B264240510037A4FF /* SecondLevelViewControllerB.swift in Sources */ = {isa = PBXBuildFile; fileRef = 1264274A264240510037A4FF /* SecondLevelViewControllerB.swift */; };
		12BDD1622640F27B0007328B /* AppDelegate.swift in Sources */ = {isa = PBXBuildFile; fileRef = 12BDD1612640F27B0007328B /* AppDelegate.swift */; };
		12BDD1642640F27C0007328B /* SceneDelegate.swift in Sources */ = {isa = PBXBuildFile; fileRef = 12BDD1632640F27C0007328B /* SceneDelegate.swift */; };
		12BDD1662640F27C0007328B /* HomeViewController.swift in Sources */ = {isa = PBXBuildFile; fileRef = 12BDD1652640F27C0007328B /* HomeViewController.swift */; };
		12BDD16B2640F27D0007328B /* Assets.xcassets in Resources */ = {isa = PBXBuildFile; fileRef = 12BDD16A2640F27D0007328B /* Assets.xcassets */; };
		12BDD16E2640F27D0007328B /* LaunchScreen.storyboard in Resources */ = {isa = PBXBuildFile; fileRef = 12BDD16C2640F27D0007328B /* LaunchScreen.storyboard */; };
		12BDD18C2640F7010007328B /* Coordinator.swift in Sources */ = {isa = PBXBuildFile; fileRef = 12BDD18B2640F7010007328B /* Coordinator.swift */; };
		12BDD18F264109C20007328B /* BaseCoordinator.swift in Sources */ = {isa = PBXBuildFile; fileRef = 12BDD18E264109C20007328B /* BaseCoordinator.swift */; };
/* End PBXBuildFile section */

/* Begin PBXFileReference section */
		120A87F6264259EF005CA867 /* ChildCoordinatorA.swift */ = {isa = PBXFileReference; lastKnownFileType = sourcecode.swift; path = ChildCoordinatorA.swift; sourceTree = "<group>"; };
		122A439B2643784E00599711 /* ChildCoordinatorB.swift */ = {isa = PBXFileReference; lastKnownFileType = sourcecode.swift; path = ChildCoordinatorB.swift; sourceTree = "<group>"; };
		12642741264240260037A4FF /* FirstLevelViewControllerA.swift */ = {isa = PBXFileReference; lastKnownFileType = sourcecode.swift; path = FirstLevelViewControllerA.swift; sourceTree = "<group>"; };
		12642744264240330037A4FF /* FirstLevelViewControllerB.swift */ = {isa = PBXFileReference; lastKnownFileType = sourcecode.swift; path = FirstLevelViewControllerB.swift; sourceTree = "<group>"; };
		12642747264240450037A4FF /* SecondLevelViewControllerA.swift */ = {isa = PBXFileReference; lastKnownFileType = sourcecode.swift; path = SecondLevelViewControllerA.swift; sourceTree = "<group>"; };
		1264274A264240510037A4FF /* SecondLevelViewControllerB.swift */ = {isa = PBXFileReference; lastKnownFileType = sourcecode.swift; path = SecondLevelViewControllerB.swift; sourceTree = "<group>"; };
		12BDD15E2640F27B0007328B /* MVVM-C.app */ = {isa = PBXFileReference; explicitFileType = wrapper.application; includeInIndex = 0; path = "MVVM-C.app"; sourceTree = BUILT_PRODUCTS_DIR; };
		12BDD1612640F27B0007328B /* AppDelegate.swift */ = {isa = PBXFileReference; lastKnownFileType = sourcecode.swift; path = AppDelegate.swift; sourceTree = "<group>"; };
		12BDD1632640F27C0007328B /* SceneDelegate.swift */ = {isa = PBXFileReference; lastKnownFileType = sourcecode.swift; path = SceneDelegate.swift; sourceTree = "<group>"; };
		12BDD1652640F27C0007328B /* HomeViewController.swift */ = {isa = PBXFileReference; lastKnownFileType = sourcecode.swift; path = HomeViewController.swift; sourceTree = "<group>"; };
		12BDD16A2640F27D0007328B /* Assets.xcassets */ = {isa = PBXFileReference; lastKnownFileType = folder.assetcatalog; path = Assets.xcassets; sourceTree = "<group>"; };
		12BDD16D2640F27D0007328B /* Base */ = {isa = PBXFileReference; lastKnownFileType = file.storyboard; name = Base; path = Base.lproj/LaunchScreen.storyboard; sourceTree = "<group>"; };
		12BDD16F2640F27D0007328B /* Info.plist */ = {isa = PBXFileReference; lastKnownFileType = text.plist.xml; path = Info.plist; sourceTree = "<group>"; };
		12BDD18B2640F7010007328B /* Coordinator.swift */ = {isa = PBXFileReference; lastKnownFileType = sourcecode.swift; path = Coordinator.swift; sourceTree = "<group>"; };
		12BDD18E264109C20007328B /* BaseCoordinator.swift */ = {isa = PBXFileReference; lastKnownFileType = sourcecode.swift; path = BaseCoordinator.swift; sourceTree = "<group>"; };
/* End PBXFileReference section */

/* Begin PBXFrameworksBuildPhase section */
		12BDD15B2640F27B0007328B /* Frameworks */ = {
			isa = PBXFrameworksBuildPhase;
			buildActionMask = 2147483647;
			files = (
			);
			runOnlyForDeploymentPostprocessing = 0;
		};
/* End PBXFrameworksBuildPhase section */

/* Begin PBXGroup section */
		12BDD1552640F27B0007328B = {
			isa = PBXGroup;
			children = (
				12BDD1602640F27B0007328B /* MVVM-C */,
				12BDD15F2640F27B0007328B /* Products */,
			);
			sourceTree = "<group>";
		};
		12BDD15F2640F27B0007328B /* Products */ = {
			isa = PBXGroup;
			children = (
				12BDD15E2640F27B0007328B /* MVVM-C.app */,
			);
			name = Products;
			sourceTree = "<group>";
		};
		12BDD1602640F27B0007328B /* MVVM-C */ = {
			isa = PBXGroup;
			children = (
				12BDD17A2640F5D00007328B /* Coordinators */,
				12BDD17B2640F5E40007328B /* Views */,
				12BDD1612640F27B0007328B /* AppDelegate.swift */,
				12BDD1632640F27C0007328B /* SceneDelegate.swift */,
				12BDD16A2640F27D0007328B /* Assets.xcassets */,
				12BDD16C2640F27D0007328B /* LaunchScreen.storyboard */,
				12BDD16F2640F27D0007328B /* Info.plist */,
			);
			path = "MVVM-C";
			sourceTree = "<group>";
		};
		12BDD17A2640F5D00007328B /* Coordinators */ = {
			isa = PBXGroup;
			children = (
				12BDD18B2640F7010007328B /* Coordinator.swift */,
				12BDD18E264109C20007328B /* BaseCoordinator.swift */,
				120A87F6264259EF005CA867 /* ChildCoordinatorA.swift */,
				122A439B2643784E00599711 /* ChildCoordinatorB.swift */,
			);
			path = Coordinators;
			sourceTree = "<group>";
		};
		12BDD17B2640F5E40007328B /* Views */ = {
			isa = PBXGroup;
			children = (
				12BDD1652640F27C0007328B /* HomeViewController.swift */,
				12642741264240260037A4FF /* FirstLevelViewControllerA.swift */,
				12642744264240330037A4FF /* FirstLevelViewControllerB.swift */,
				12642747264240450037A4FF /* SecondLevelViewControllerA.swift */,
				1264274A264240510037A4FF /* SecondLevelViewControllerB.swift */,
			);
			path = Views;
			sourceTree = "<group>";
		};
/* End PBXGroup section */

/* Begin PBXNativeTarget section */
		12BDD15D2640F27B0007328B /* MVVM-C */ = {
			isa = PBXNativeTarget;
			buildConfigurationList = 12BDD1722640F27D0007328B /* Build configuration list for PBXNativeTarget "MVVM-C" */;
			buildPhases = (
				12BDD15A2640F27B0007328B /* Sources */,
				12BDD15B2640F27B0007328B /* Frameworks */,
				12BDD15C2640F27B0007328B /* Resources */,
			);
			buildRules = (
			);
			dependencies = (
			);
			name = "MVVM-C";
			productName = "MVVM-C";
			productReference = 12BDD15E2640F27B0007328B /* MVVM-C.app */;
			productType = "com.apple.product-type.application";
		};
/* End PBXNativeTarget section */

/* Begin PBXProject section */
		12BDD1562640F27B0007328B /* Project object */ = {
			isa = PBXProject;
			attributes = {
				LastSwiftUpdateCheck = 1240;
				LastUpgradeCheck = 1240;
				TargetAttributes = {
					12BDD15D2640F27B0007328B = {
						CreatedOnToolsVersion = 12.4;
					};
				};
			};
			buildConfigurationList = 12BDD1592640F27B0007328B /* Build configuration list for PBXProject "MVVM-C" */;
			compatibilityVersion = "Xcode 9.3";
			developmentRegion = en;
			hasScannedForEncodings = 0;
			knownRegions = (
				en,
				Base,
			);
			mainGroup = 12BDD1552640F27B0007328B;
			productRefGroup = 12BDD15F2640F27B0007328B /* Products */;
			projectDirPath = "";
			projectRoot = "";
			targets = (
				12BDD15D2640F27B0007328B /* MVVM-C */,
			);
		};
/* End PBXProject section */

/* Begin PBXResourcesBuildPhase section */
		12BDD15C2640F27B0007328B /* Resources */ = {
			isa = PBXResourcesBuildPhase;
			buildActionMask = 2147483647;
			files = (
				12BDD16E2640F27D0007328B /* LaunchScreen.storyboard in Resources */,
				12BDD16B2640F27D0007328B /* Assets.xcassets in Resources */,
			);
			runOnlyForDeploymentPostprocessing = 0;
		};
/* End PBXResourcesBuildPhase section */

/* Begin PBXSourcesBuildPhase section */
		12BDD15A2640F27B0007328B /* Sources */ = {
			isa = PBXSourcesBuildPhase;
			buildActionMask = 2147483647;
			files = (
				12BDD18F264109C20007328B /* BaseCoordinator.swift in Sources */,
				1264274B264240510037A4FF /* SecondLevelViewControllerB.swift in Sources */,
				12642742264240260037A4FF /* FirstLevelViewControllerA.swift in Sources */,
				122A439C2643784E00599711 /* ChildCoordinatorB.swift in Sources */,
				12642745264240330037A4FF /* FirstLevelViewControllerB.swift in Sources */,
				12BDD18C2640F7010007328B /* Coordinator.swift in Sources */,
				12BDD1662640F27C0007328B /* HomeViewController.swift in Sources */,
				12642748264240450037A4FF /* SecondLevelViewControllerA.swift in Sources */,
				120A87F7264259EF005CA867 /* ChildCoordinatorA.swift in Sources */,
				12BDD1622640F27B0007328B /* AppDelegate.swift in Sources */,
				12BDD1642640F27C0007328B /* SceneDelegate.swift in Sources */,
			);
			runOnlyForDeploymentPostprocessing = 0;
		};
/* End PBXSourcesBuildPhase section */

/* Begin PBXVariantGroup section */
		12BDD16C2640F27D0007328B /* LaunchScreen.storyboard */ = {
			isa = PBXVariantGroup;
			children = (
				12BDD16D2640F27D0007328B /* Base */,
			);
			name = LaunchScreen.storyboard;
			sourceTree = "<group>";
		};
/* End PBXVariantGroup section */

/* Begin XCBuildConfiguration section */
		12BDD1702640F27D0007328B /* Debug */ = {
			isa = XCBuildConfiguration;
			buildSettings = {
				ALWAYS_SEARCH_USER_PATHS = NO;
				CLANG_ANALYZER_NONNULL = YES;
				CLANG_ANALYZER_NUMBER_OBJECT_CONVERSION = YES_AGGRESSIVE;
				CLANG_CXX_LANGUAGE_STANDARD = "gnu++14";
				CLANG_CXX_LIBRARY = "libc++";
				CLANG_ENABLE_MODULES = YES;
				CLANG_ENABLE_OBJC_ARC = YES;
				CLANG_ENABLE_OBJC_WEAK = YES;
				CLANG_WARN_BLOCK_CAPTURE_AUTORELEASING = YES;
				CLANG_WARN_BOOL_CONVERSION = YES;
				CLANG_WARN_COMMA = YES;
				CLANG_WARN_CONSTANT_CONVERSION = YES;
				CLANG_WARN_DEPRECATED_OBJC_IMPLEMENTATIONS = YES;
				CLANG_WARN_DIRECT_OBJC_ISA_USAGE = YES_ERROR;
				CLANG_WARN_DOCUMENTATION_COMMENTS = YES;
				CLANG_WARN_EMPTY_BODY = YES;
				CLANG_WARN_ENUM_CONVERSION = YES;
				CLANG_WARN_INFINITE_RECURSION = YES;
				CLANG_WARN_INT_CONVERSION = YES;
				CLANG_WARN_NON_LITERAL_NULL_CONVERSION = YES;
				CLANG_WARN_OBJC_IMPLICIT_RETAIN_SELF = YES;
				CLANG_WARN_OBJC_LITERAL_CONVERSION = YES;
				CLANG_WARN_OBJC_ROOT_CLASS = YES_ERROR;
				CLANG_WARN_QUOTED_INCLUDE_IN_FRAMEWORK_HEADER = YES;
				CLANG_WARN_RANGE_LOOP_ANALYSIS = YES;
				CLANG_WARN_STRICT_PROTOTYPES = YES;
				CLANG_WARN_SUSPICIOUS_MOVE = YES;
				CLANG_WARN_UNGUARDED_AVAILABILITY = YES_AGGRESSIVE;
				CLANG_WARN_UNREACHABLE_CODE = YES;
				CLANG_WARN__DUPLICATE_METHOD_MATCH = YES;
				COPY_PHASE_STRIP = NO;
				DEBUG_INFORMATION_FORMAT = dwarf;
				ENABLE_STRICT_OBJC_MSGSEND = YES;
				ENABLE_TESTABILITY = YES;
				GCC_C_LANGUAGE_STANDARD = gnu11;
				GCC_DYNAMIC_NO_PIC = NO;
				GCC_NO_COMMON_BLOCKS = YES;
				GCC_OPTIMIZATION_LEVEL = 0;
				GCC_PREPROCESSOR_DEFINITIONS = (
					"DEBUG=1",
					"$(inherited)",
				);
				GCC_WARN_64_TO_32_BIT_CONVERSION = YES;
				GCC_WARN_ABOUT_RETURN_TYPE = YES_ERROR;
				GCC_WARN_UNDECLARED_SELECTOR = YES;
				GCC_WARN_UNINITIALIZED_AUTOS = YES_AGGRESSIVE;
				GCC_WARN_UNUSED_FUNCTION = YES;
				GCC_WARN_UNUSED_VARIABLE = YES;
				IPHONEOS_DEPLOYMENT_TARGET = 14.4;
				MTL_ENABLE_DEBUG_INFO = INCLUDE_SOURCE;
				MTL_FAST_MATH = YES;
				ONLY_ACTIVE_ARCH = YES;
				SDKROOT = iphoneos;
				SWIFT_ACTIVE_COMPILATION_CONDITIONS = DEBUG;
				SWIFT_OPTIMIZATION_LEVEL = "-Onone";
			};
			name = Debug;
		};
		12BDD1712640F27D0007328B /* Release */ = {
			isa = XCBuildConfiguration;
			buildSettings = {
				ALWAYS_SEARCH_USER_PATHS = NO;
				CLANG_ANALYZER_NONNULL = YES;
				CLANG_ANALYZER_NUMBER_OBJECT_CONVERSION = YES_AGGRESSIVE;
				CLANG_CXX_LANGUAGE_STANDARD = "gnu++14";
				CLANG_CXX_LIBRARY = "libc++";
				CLANG_ENABLE_MODULES = YES;
				CLANG_ENABLE_OBJC_ARC = YES;
				CLANG_ENABLE_OBJC_WEAK = YES;
				CLANG_WARN_BLOCK_CAPTURE_AUTORELEASING = YES;
				CLANG_WARN_BOOL_CONVERSION = YES;
				CLANG_WARN_COMMA = YES;
				CLANG_WARN_CONSTANT_CONVERSION = YES;
				CLANG_WARN_DEPRECATED_OBJC_IMPLEMENTATIONS = YES;
				CLANG_WARN_DIRECT_OBJC_ISA_USAGE = YES_ERROR;
				CLANG_WARN_DOCUMENTATION_COMMENTS = YES;
				CLANG_WARN_EMPTY_BODY = YES;
				CLANG_WARN_ENUM_CONVERSION = YES;
				CLANG_WARN_INFINITE_RECURSION = YES;
				CLANG_WARN_INT_CONVERSION = YES;
				CLANG_WARN_NON_LITERAL_NULL_CONVERSION = YES;
				CLANG_WARN_OBJC_IMPLICIT_RETAIN_SELF = YES;
				CLANG_WARN_OBJC_LITERAL_CONVERSION = YES;
				CLANG_WARN_OBJC_ROOT_CLASS = YES_ERROR;
				CLANG_WARN_QUOTED_INCLUDE_IN_FRAMEWORK_HEADER = YES;
				CLANG_WARN_RANGE_LOOP_ANALYSIS = YES;
				CLANG_WARN_STRICT_PROTOTYPES = YES;
				CLANG_WARN_SUSPICIOUS_MOVE = YES;
				CLANG_WARN_UNGUARDED_AVAILABILITY = YES_AGGRESSIVE;
				CLANG_WARN_UNREACHABLE_CODE = YES;
				CLANG_WARN__DUPLICATE_METHOD_MATCH = YES;
				COPY_PHASE_STRIP = NO;
				DEBUG_INFORMATION_FORMAT = "dwarf-with-dsym";
				ENABLE_NS_ASSERTIONS = NO;
				ENABLE_STRICT_OBJC_MSGSEND = YES;
				GCC_C_LANGUAGE_STANDARD = gnu11;
				GCC_NO_COMMON_BLOCKS = YES;
				GCC_WARN_64_TO_32_BIT_CONVERSION = YES;
				GCC_WARN_ABOUT_RETURN_TYPE = YES_ERROR;
				GCC_WARN_UNDECLARED_SELECTOR = YES;
				GCC_WARN_UNINITIALIZED_AUTOS = YES_AGGRESSIVE;
				GCC_WARN_UNUSED_FUNCTION = YES;
				GCC_WARN_UNUSED_VARIABLE = YES;
				IPHONEOS_DEPLOYMENT_TARGET = 14.4;
				MTL_ENABLE_DEBUG_INFO = NO;
				MTL_FAST_MATH = YES;
				SDKROOT = iphoneos;
				SWIFT_COMPILATION_MODE = wholemodule;
				SWIFT_OPTIMIZATION_LEVEL = "-O";
				VALIDATE_PRODUCT = YES;
			};
			name = Release;
		};
		12BDD1732640F27D0007328B /* Debug */ = {
			isa = XCBuildConfiguration;
			buildSettings = {
				ASSETCATALOG_COMPILER_APPICON_NAME = AppIcon;
				ASSETCATALOG_COMPILER_GLOBAL_ACCENT_COLOR_NAME = AccentColor;
				CODE_SIGN_STYLE = Automatic;
				DEVELOPMENT_TEAM = C66Y3DM74C;
				INFOPLIST_FILE = "MVVM-C/Info.plist";
				LD_RUNPATH_SEARCH_PATHS = (
					"$(inherited)",
					"@executable_path/Frameworks",
				);
				PRODUCT_BUNDLE_IDENTIFIER = "com.joshr.MVVM-C";
				PRODUCT_NAME = "$(TARGET_NAME)";
				SWIFT_VERSION = 5.0;
				TARGETED_DEVICE_FAMILY = "1,2";
			};
			name = Debug;
		};
		12BDD1742640F27D0007328B /* Release */ = {
			isa = XCBuildConfiguration;
			buildSettings = {
				ASSETCATALOG_COMPILER_APPICON_NAME = AppIcon;
				ASSETCATALOG_COMPILER_GLOBAL_ACCENT_COLOR_NAME = AccentColor;
				CODE_SIGN_STYLE = Automatic;
				DEVELOPMENT_TEAM = C66Y3DM74C;
				INFOPLIST_FILE = "MVVM-C/Info.plist";
				LD_RUNPATH_SEARCH_PATHS = (
					"$(inherited)",
					"@executable_path/Frameworks",
				);
				PRODUCT_BUNDLE_IDENTIFIER = "com.joshr.MVVM-C";
				PRODUCT_NAME = "$(TARGET_NAME)";
				SWIFT_VERSION = 5.0;
				TARGETED_DEVICE_FAMILY = "1,2";
			};
			name = Release;
		};
/* End XCBuildConfiguration section */

/* Begin XCConfigurationList section */
		12BDD1592640F27B0007328B /* Build configuration list for PBXProject "MVVM-C" */ = {
			isa = XCConfigurationList;
			buildConfigurations = (
				12BDD1702640F27D0007328B /* Debug */,
				12BDD1712640F27D0007328B /* Release */,
			);
			defaultConfigurationIsVisible = 0;
			defaultConfigurationName = Release;
		};
		12BDD1722640F27D0007328B /* Build configuration list for PBXNativeTarget "MVVM-C" */ = {
			isa = XCConfigurationList;
			buildConfigurations = (
				12BDD1732640F27D0007328B /* Debug */,
				12BDD1742640F27D0007328B /* Release */,
			);
			defaultConfigurationIsVisible = 0;
			defaultConfigurationName = Release;
		};
/* End XCConfigurationList section */
	};
	rootObject = 12BDD1562640F27B0007328B /* Project object */;
}
